// !$*UTF8*$!
{
	archiveVersion = 1;
	classes = {
	};
	objectVersion = 46;
	objects = {

/* Begin PBXBuildFile section */
		481B96361833D1A50095E93C /* DriveRecord.m in Sources */ = {isa = PBXBuildFile; fileRef = 481B96351833D1A50095E93C /* DriveRecord.m */; };
		4824424417E48CAD002DC72A /* DriveViewController.m in Sources */ = {isa = PBXBuildFile; fileRef = 4824424317E48CAD002DC72A /* DriveViewController.m */; };
		4835E0921830C172000236DA /* CoreLocation.framework in Frameworks */ = {isa = PBXBuildFile; fileRef = 4835E0911830C172000236DA /* CoreLocation.framework */; };
		4835E094183134DD000236DA /* vicCriteria.plist in Resources */ = {isa = PBXBuildFile; fileRef = 4835E093183134DD000236DA /* vicCriteria.plist */; };
		4835E09B18337892000236DA /* DriveDetailContainer.m in Sources */ = {isa = PBXBuildFile; fileRef = 4835E09A18337892000236DA /* DriveDetailContainer.m */; };
		484EE5CC1848B41400C5EEFA /* DriveDetailCell.xib in Resources */ = {isa = PBXBuildFile; fileRef = 484EE5CB1848B41400C5EEFA /* DriveDetailCell.xib */; };
		484EE5CF1848B73F00C5EEFA /* DriveDetailCell.m in Sources */ = {isa = PBXBuildFile; fileRef = 484EE5CE1848B73F00C5EEFA /* DriveDetailCell.m */; };
		485271C5184F46F300A1266E /* RecentDriveReviewViewController.m in Sources */ = {isa = PBXBuildFile; fileRef = 485271C4184F46F300A1266E /* RecentDriveReviewViewController.m */; };
		486BD58517F6C2A400E38172 /* Learner_Log_Book.xcdatamodeld in Sources */ = {isa = PBXBuildFile; fileRef = 486BD58317F6C2A400E38172 /* Learner_Log_Book.xcdatamodeld */; };
		486BD58717F6C5C200E38172 /* CoreData.framework in Frameworks */ = {isa = PBXBuildFile; fileRef = 486BD58617F6C5C100E38172 /* CoreData.framework */; };
		486BD5BE17F8521E00E38172 /* ExtendedCell.m in Sources */ = {isa = PBXBuildFile; fileRef = 486BD5BD17F8521E00E38172 /* ExtendedCell.m */; };
		488A053C1801544B00B3DA2E /* DriveCompletedDetailsViewController.m in Sources */ = {isa = PBXBuildFile; fileRef = 488A053B1801544B00B3DA2E /* DriveCompletedDetailsViewController.m */; };
		488A05461801650A00B3DA2E /* BinarySelectionCell.m in Sources */ = {isa = PBXBuildFile; fileRef = 488A05451801650A00B3DA2E /* BinarySelectionCell.m */; };
		488E68A317E47DFA0055A908 /* UIKit.framework in Frameworks */ = {isa = PBXBuildFile; fileRef = 488E68A217E47DFA0055A908 /* UIKit.framework */; };
		488E68A517E47DFA0055A908 /* Foundation.framework in Frameworks */ = {isa = PBXBuildFile; fileRef = 488E68A417E47DFA0055A908 /* Foundation.framework */; };
		488E68A717E47DFA0055A908 /* CoreGraphics.framework in Frameworks */ = {isa = PBXBuildFile; fileRef = 488E68A617E47DFA0055A908 /* CoreGraphics.framework */; };
		488E68AD17E47DFA0055A908 /* InfoPlist.strings in Resources */ = {isa = PBXBuildFile; fileRef = 488E68AB17E47DFA0055A908 /* InfoPlist.strings */; };
		488E68AF17E47DFA0055A908 /* main.m in Sources */ = {isa = PBXBuildFile; fileRef = 488E68AE17E47DFA0055A908 /* main.m */; };
		488E68B317E47DFA0055A908 /* AppDelegate.m in Sources */ = {isa = PBXBuildFile; fileRef = 488E68B217E47DFA0055A908 /* AppDelegate.m */; };
		488E68B517E47DFA0055A908 /* Default.png in Resources */ = {isa = PBXBuildFile; fileRef = 488E68B417E47DFA0055A908 /* Default.png */; };
		488E68B717E47DFA0055A908 /* Default@2x.png in Resources */ = {isa = PBXBuildFile; fileRef = 488E68B617E47DFA0055A908 /* Default@2x.png */; };
		488E68B917E47DFA0055A908 /* Default-568h@2x.png in Resources */ = {isa = PBXBuildFile; fileRef = 488E68B817E47DFA0055A908 /* Default-568h@2x.png */; };
		488E68BC17E47DFA0055A908 /* MainStoryboard_iPhone.storyboard in Resources */ = {isa = PBXBuildFile; fileRef = 488E68BA17E47DFA0055A908 /* MainStoryboard_iPhone.storyboard */; };
		488E68CA17E47DFA0055A908 /* SenTestingKit.framework in Frameworks */ = {isa = PBXBuildFile; fileRef = 488E68C917E47DFA0055A908 /* SenTestingKit.framework */; };
		488E68CB17E47DFA0055A908 /* UIKit.framework in Frameworks */ = {isa = PBXBuildFile; fileRef = 488E68A217E47DFA0055A908 /* UIKit.framework */; };
		488E68CC17E47DFA0055A908 /* Foundation.framework in Frameworks */ = {isa = PBXBuildFile; fileRef = 488E68A417E47DFA0055A908 /* Foundation.framework */; };
		488E68D417E47DFA0055A908 /* InfoPlist.strings in Resources */ = {isa = PBXBuildFile; fileRef = 488E68D217E47DFA0055A908 /* InfoPlist.strings */; };
		488E68D717E47DFA0055A908 /* Learner_Log_BookTests.m in Sources */ = {isa = PBXBuildFile; fileRef = 488E68D617E47DFA0055A908 /* Learner_Log_BookTests.m */; };
		488E68E217E47E3D0055A908 /* StartscreenViewController.m in Sources */ = {isa = PBXBuildFile; fileRef = 488E68E117E47E3D0055A908 /* StartscreenViewController.m */; };
		48A976B018547DFD005157EA /* DriveBinaryDetailViewController.m in Sources */ = {isa = PBXBuildFile; fileRef = 48A976AF18547DFD005157EA /* DriveBinaryDetailViewController.m */; };
		48BD220717FC286E0093669F /* DriveInSessionViewController.m in Sources */ = {isa = PBXBuildFile; fileRef = 48BD220617FC286E0093669F /* DriveInSessionViewController.m */; };
		48E89885184DD83F00D3AD5F /* DeleteButton.xib in Resources */ = {isa = PBXBuildFile; fileRef = 48E89884184DD83F00D3AD5F /* DeleteButton.xib */; };
		48F99A1918351B9300F69672 /* ReviewViewController.m in Sources */ = {isa = PBXBuildFile; fileRef = 48F99A1818351B9300F69672 /* ReviewViewController.m */; };
/* End PBXBuildFile section */

/* Begin PBXContainerItemProxy section */
		488E68CD17E47DFA0055A908 /* PBXContainerItemProxy */ = {
			isa = PBXContainerItemProxy;
			containerPortal = 488E689717E47DFA0055A908 /* Project object */;
			proxyType = 1;
			remoteGlobalIDString = 488E689E17E47DFA0055A908;
			remoteInfo = "Learner Log Book";
		};
/* End PBXContainerItemProxy section */

/* Begin PBXFileReference section */
		481B96341833D1A50095E93C /* DriveRecord.h */ = {isa = PBXFileReference; fileEncoding = 4; lastKnownFileType = sourcecode.c.h; path = DriveRecord.h; sourceTree = "<group>"; };
		481B96351833D1A50095E93C /* DriveRecord.m */ = {isa = PBXFileReference; fileEncoding = 4; lastKnownFileType = sourcecode.c.objc; path = DriveRecord.m; sourceTree = "<group>"; };
		4824424217E48CAD002DC72A /* DriveViewController.h */ = {isa = PBXFileReference; fileEncoding = 4; lastKnownFileType = sourcecode.c.h; path = DriveViewController.h; sourceTree = "<group>"; };
		4824424317E48CAD002DC72A /* DriveViewController.m */ = {isa = PBXFileReference; fileEncoding = 4; lastKnownFileType = sourcecode.c.objc; path = DriveViewController.m; sourceTree = "<group>"; };
		4835E0911830C172000236DA /* CoreLocation.framework */ = {isa = PBXFileReference; lastKnownFileType = wrapper.framework; name = CoreLocation.framework; path = System/Library/Frameworks/CoreLocation.framework; sourceTree = SDKROOT; };
		4835E093183134DD000236DA /* vicCriteria.plist */ = {isa = PBXFileReference; fileEncoding = 4; lastKnownFileType = text.plist.xml; path = vicCriteria.plist; sourceTree = "<group>"; };
		4835E09918337892000236DA /* DriveDetailContainer.h */ = {isa = PBXFileReference; fileEncoding = 4; lastKnownFileType = sourcecode.c.h; name = DriveDetailContainer.h; path = "Learner Log Book/DriveDetailContainer.h"; sourceTree = "<group>"; };
		4835E09A18337892000236DA /* DriveDetailContainer.m */ = {isa = PBXFileReference; fileEncoding = 4; lastKnownFileType = sourcecode.c.objc; name = DriveDetailContainer.m; path = "Learner Log Book/DriveDetailContainer.m"; sourceTree = "<group>"; };
		484EE5CB1848B41400C5EEFA /* DriveDetailCell.xib */ = {isa = PBXFileReference; fileEncoding = 4; lastKnownFileType = file.xib; path = DriveDetailCell.xib; sourceTree = "<group>"; };
		484EE5CD1848B73F00C5EEFA /* DriveDetailCell.h */ = {isa = PBXFileReference; fileEncoding = 4; lastKnownFileType = sourcecode.c.h; path = DriveDetailCell.h; sourceTree = "<group>"; };
		484EE5CE1848B73F00C5EEFA /* DriveDetailCell.m */ = {isa = PBXFileReference; fileEncoding = 4; lastKnownFileType = sourcecode.c.objc; path = DriveDetailCell.m; sourceTree = "<group>"; };
		485271C3184F46F300A1266E /* RecentDriveReviewViewController.h */ = {isa = PBXFileReference; fileEncoding = 4; lastKnownFileType = sourcecode.c.h; path = RecentDriveReviewViewController.h; sourceTree = "<group>"; };
		485271C4184F46F300A1266E /* RecentDriveReviewViewController.m */ = {isa = PBXFileReference; fileEncoding = 4; lastKnownFileType = sourcecode.c.objc; path = RecentDriveReviewViewController.m; sourceTree = "<group>"; };
		486BD58417F6C2A400E38172 /* Learner_Log_Book.xcdatamodel */ = {isa = PBXFileReference; lastKnownFileType = wrapper.xcdatamodel; path = Learner_Log_Book.xcdatamodel; sourceTree = "<group>"; };
		486BD58617F6C5C100E38172 /* CoreData.framework */ = {isa = PBXFileReference; lastKnownFileType = wrapper.framework; name = CoreData.framework; path = System/Library/Frameworks/CoreData.framework; sourceTree = SDKROOT; };
		486BD5BC17F8521E00E38172 /* ExtendedCell.h */ = {isa = PBXFileReference; fileEncoding = 4; lastKnownFileType = sourcecode.c.h; path = ExtendedCell.h; sourceTree = "<group>"; };
		486BD5BD17F8521E00E38172 /* ExtendedCell.m */ = {isa = PBXFileReference; fileEncoding = 4; lastKnownFileType = sourcecode.c.objc; path = ExtendedCell.m; sourceTree = "<group>"; };
		488A053A1801544B00B3DA2E /* DriveCompletedDetailsViewController.h */ = {isa = PBXFileReference; fileEncoding = 4; lastKnownFileType = sourcecode.c.h; path = DriveCompletedDetailsViewController.h; sourceTree = "<group>"; };
		488A053B1801544B00B3DA2E /* DriveCompletedDetailsViewController.m */ = {isa = PBXFileReference; fileEncoding = 4; lastKnownFileType = sourcecode.c.objc; path = DriveCompletedDetailsViewController.m; sourceTree = "<group>"; };
		488A05441801650A00B3DA2E /* BinarySelectionCell.h */ = {isa = PBXFileReference; fileEncoding = 4; lastKnownFileType = sourcecode.c.h; path = BinarySelectionCell.h; sourceTree = "<group>"; };
		488A05451801650A00B3DA2E /* BinarySelectionCell.m */ = {isa = PBXFileReference; fileEncoding = 4; lastKnownFileType = sourcecode.c.objc; path = BinarySelectionCell.m; sourceTree = "<group>"; };
		488E689F17E47DFA0055A908 /* Learner Log Book.app */ = {isa = PBXFileReference; explicitFileType = wrapper.application; includeInIndex = 0; path = "Learner Log Book.app"; sourceTree = BUILT_PRODUCTS_DIR; };
		488E68A217E47DFA0055A908 /* UIKit.framework */ = {isa = PBXFileReference; lastKnownFileType = wrapper.framework; name = UIKit.framework; path = System/Library/Frameworks/UIKit.framework; sourceTree = SDKROOT; };
		488E68A417E47DFA0055A908 /* Foundation.framework */ = {isa = PBXFileReference; lastKnownFileType = wrapper.framework; name = Foundation.framework; path = System/Library/Frameworks/Foundation.framework; sourceTree = SDKROOT; };
		488E68A617E47DFA0055A908 /* CoreGraphics.framework */ = {isa = PBXFileReference; lastKnownFileType = wrapper.framework; name = CoreGraphics.framework; path = System/Library/Frameworks/CoreGraphics.framework; sourceTree = SDKROOT; };
		488E68AA17E47DFA0055A908 /* Learner Log Book-Info.plist */ = {isa = PBXFileReference; lastKnownFileType = text.plist.xml; path = "Learner Log Book-Info.plist"; sourceTree = "<group>"; };
		488E68AC17E47DFA0055A908 /* en */ = {isa = PBXFileReference; lastKnownFileType = text.plist.strings; name = en; path = en.lproj/InfoPlist.strings; sourceTree = "<group>"; };
		488E68AE17E47DFA0055A908 /* main.m */ = {isa = PBXFileReference; lastKnownFileType = sourcecode.c.objc; path = main.m; sourceTree = "<group>"; };
		488E68B017E47DFA0055A908 /* Learner Log Book-Prefix.pch */ = {isa = PBXFileReference; lastKnownFileType = sourcecode.c.h; path = "Learner Log Book-Prefix.pch"; sourceTree = "<group>"; };
		488E68B117E47DFA0055A908 /* AppDelegate.h */ = {isa = PBXFileReference; lastKnownFileType = sourcecode.c.h; path = AppDelegate.h; sourceTree = "<group>"; };
		488E68B217E47DFA0055A908 /* AppDelegate.m */ = {isa = PBXFileReference; lastKnownFileType = sourcecode.c.objc; path = AppDelegate.m; sourceTree = "<group>"; };
		488E68B417E47DFA0055A908 /* Default.png */ = {isa = PBXFileReference; lastKnownFileType = image.png; path = Default.png; sourceTree = "<group>"; };
		488E68B617E47DFA0055A908 /* Default@2x.png */ = {isa = PBXFileReference; lastKnownFileType = image.png; path = "Default@2x.png"; sourceTree = "<group>"; };
		488E68B817E47DFA0055A908 /* Default-568h@2x.png */ = {isa = PBXFileReference; lastKnownFileType = image.png; path = "Default-568h@2x.png"; sourceTree = "<group>"; };
		488E68BB17E47DFA0055A908 /* en */ = {isa = PBXFileReference; lastKnownFileType = file.storyboard; name = en; path = en.lproj/MainStoryboard_iPhone.storyboard; sourceTree = "<group>"; };
		488E68C817E47DFA0055A908 /* Learner Log BookTests.octest */ = {isa = PBXFileReference; explicitFileType = wrapper.cfbundle; includeInIndex = 0; path = "Learner Log BookTests.octest"; sourceTree = BUILT_PRODUCTS_DIR; };
		488E68C917E47DFA0055A908 /* SenTestingKit.framework */ = {isa = PBXFileReference; lastKnownFileType = wrapper.framework; name = SenTestingKit.framework; path = Library/Frameworks/SenTestingKit.framework; sourceTree = DEVELOPER_DIR; };
		488E68D117E47DFA0055A908 /* Learner Log BookTests-Info.plist */ = {isa = PBXFileReference; lastKnownFileType = text.plist.xml; path = "Learner Log BookTests-Info.plist"; sourceTree = "<group>"; };
		488E68D317E47DFA0055A908 /* en */ = {isa = PBXFileReference; lastKnownFileType = text.plist.strings; name = en; path = en.lproj/InfoPlist.strings; sourceTree = "<group>"; };
		488E68D517E47DFA0055A908 /* Learner_Log_BookTests.h */ = {isa = PBXFileReference; lastKnownFileType = sourcecode.c.h; path = Learner_Log_BookTests.h; sourceTree = "<group>"; };
		488E68D617E47DFA0055A908 /* Learner_Log_BookTests.m */ = {isa = PBXFileReference; lastKnownFileType = sourcecode.c.objc; path = Learner_Log_BookTests.m; sourceTree = "<group>"; };
		488E68E017E47E3D0055A908 /* StartscreenViewController.h */ = {isa = PBXFileReference; fileEncoding = 4; lastKnownFileType = sourcecode.c.h; path = StartscreenViewController.h; sourceTree = "<group>"; };
		488E68E117E47E3D0055A908 /* StartscreenViewController.m */ = {isa = PBXFileReference; fileEncoding = 4; lastKnownFileType = sourcecode.c.objc; path = StartscreenViewController.m; sourceTree = "<group>"; };
		48A976AE18547DFD005157EA /* DriveBinaryDetailViewController.h */ = {isa = PBXFileReference; fileEncoding = 4; lastKnownFileType = sourcecode.c.h; path = DriveBinaryDetailViewController.h; sourceTree = "<group>"; };
		48A976AF18547DFD005157EA /* DriveBinaryDetailViewController.m */ = {isa = PBXFileReference; fileEncoding = 4; lastKnownFileType = sourcecode.c.objc; path = DriveBinaryDetailViewController.m; sourceTree = "<group>"; };
		48BD220517FC286E0093669F /* DriveInSessionViewController.h */ = {isa = PBXFileReference; fileEncoding = 4; lastKnownFileType = sourcecode.c.h; path = DriveInSessionViewController.h; sourceTree = "<group>"; };
		48BD220617FC286E0093669F /* DriveInSessionViewController.m */ = {isa = PBXFileReference; fileEncoding = 4; lastKnownFileType = sourcecode.c.objc; path = DriveInSessionViewController.m; sourceTree = "<group>"; };
		48E89882184DC3CB00D3AD5F /* QuartzCore.framework */ = {isa = PBXFileReference; lastKnownFileType = wrapper.framework; name = QuartzCore.framework; path = System/Library/Frameworks/QuartzCore.framework; sourceTree = SDKROOT; };
		48E89884184DD83F00D3AD5F /* DeleteButton.xib */ = {isa = PBXFileReference; fileEncoding = 4; lastKnownFileType = file.xib; path = DeleteButton.xib; sourceTree = "<group>"; };
		48F99A1718351B9300F69672 /* ReviewViewController.h */ = {isa = PBXFileReference; fileEncoding = 4; lastKnownFileType = sourcecode.c.h; name = ReviewViewController.h; path = ../ReviewViewController.h; sourceTree = "<group>"; };
		48F99A1818351B9300F69672 /* ReviewViewController.m */ = {isa = PBXFileReference; fileEncoding = 4; lastKnownFileType = sourcecode.c.objc; name = ReviewViewController.m; path = ../ReviewViewController.m; sourceTree = "<group>"; };
		48F99A1A183545E800F69672 /* DriveRecordDeveloper.h */ = {isa = PBXFileReference; lastKnownFileType = sourcecode.c.h; name = DriveRecordDeveloper.h; path = "Learner Log Book/DriveRecordDeveloper.h"; sourceTree = "<group>"; };
/* End PBXFileReference section */

/* Begin PBXFrameworksBuildPhase section */
		488E689C17E47DFA0055A908 /* Frameworks */ = {
			isa = PBXFrameworksBuildPhase;
			buildActionMask = 2147483647;
			files = (
				4835E0921830C172000236DA /* CoreLocation.framework in Frameworks */,
				486BD58717F6C5C200E38172 /* CoreData.framework in Frameworks */,
				488E68A317E47DFA0055A908 /* UIKit.framework in Frameworks */,
				488E68A517E47DFA0055A908 /* Foundation.framework in Frameworks */,
				488E68A717E47DFA0055A908 /* CoreGraphics.framework in Frameworks */,
			);
			runOnlyForDeploymentPostprocessing = 0;
		};
		488E68C417E47DFA0055A908 /* Frameworks */ = {
			isa = PBXFrameworksBuildPhase;
			buildActionMask = 2147483647;
			files = (
				488E68CA17E47DFA0055A908 /* SenTestingKit.framework in Frameworks */,
				488E68CB17E47DFA0055A908 /* UIKit.framework in Frameworks */,
				488E68CC17E47DFA0055A908 /* Foundation.framework in Frameworks */,
			);
			runOnlyForDeploymentPostprocessing = 0;
		};
/* End PBXFrameworksBuildPhase section */

/* Begin PBXGroup section */
		4835E09C1833789D000236DA /* Classes */ = {
			isa = PBXGroup;
			children = (
				481B96341833D1A50095E93C /* DriveRecord.h */,
				481B96351833D1A50095E93C /* DriveRecord.m */,
				4835E09918337892000236DA /* DriveDetailContainer.h */,
				4835E09A18337892000236DA /* DriveDetailContainer.m */,
			);
			name = Classes;
			sourceTree = "<group>";
		};
		488A053D1801550400B3DA2E /* Custom Cells */ = {
			isa = PBXGroup;
			children = (
				484EE5CD1848B73F00C5EEFA /* DriveDetailCell.h */,
				484EE5CE1848B73F00C5EEFA /* DriveDetailCell.m */,
				484EE5CB1848B41400C5EEFA /* DriveDetailCell.xib */,
				48E89884184DD83F00D3AD5F /* DeleteButton.xib */,
				488A05441801650A00B3DA2E /* BinarySelectionCell.h */,
				488A05451801650A00B3DA2E /* BinarySelectionCell.m */,
				486BD5BC17F8521E00E38172 /* ExtendedCell.h */,
				486BD5BD17F8521E00E38172 /* ExtendedCell.m */,
			);
			name = "Custom Cells";
			path = "Learner Log Book";
			sourceTree = "<group>";
		};
		488E689617E47DFA0055A908 = {
			isa = PBXGroup;
			children = (
				48F99A1B183545EF00F69672 /* Protocols */,
				488A053D1801550400B3DA2E /* Custom Cells */,
				4835E09C1833789D000236DA /* Classes */,
				488E68A817E47DFA0055A908 /* Learner Log Book */,
				488E68CF17E47DFA0055A908 /* Learner Log BookTests */,
				488E68A117E47DFA0055A908 /* Frameworks */,
				488E68A017E47DFA0055A908 /* Products */,
			);
			sourceTree = "<group>";
			usesTabs = 1;
		};
		488E68A017E47DFA0055A908 /* Products */ = {
			isa = PBXGroup;
			children = (
				488E689F17E47DFA0055A908 /* Learner Log Book.app */,
				488E68C817E47DFA0055A908 /* Learner Log BookTests.octest */,
			);
			name = Products;
			sourceTree = "<group>";
		};
		488E68A117E47DFA0055A908 /* Frameworks */ = {
			isa = PBXGroup;
			children = (
				48E89882184DC3CB00D3AD5F /* QuartzCore.framework */,
				4835E0911830C172000236DA /* CoreLocation.framework */,
				486BD58617F6C5C100E38172 /* CoreData.framework */,
				488E68A217E47DFA0055A908 /* UIKit.framework */,
				488E68A417E47DFA0055A908 /* Foundation.framework */,
				488E68A617E47DFA0055A908 /* CoreGraphics.framework */,
				488E68C917E47DFA0055A908 /* SenTestingKit.framework */,
			);
			name = Frameworks;
			sourceTree = "<group>";
		};
		488E68A817E47DFA0055A908 /* Learner Log Book */ = {
			isa = PBXGroup;
			children = (
				488E68BA17E47DFA0055A908 /* MainStoryboard_iPhone.storyboard */,
				48A976AE18547DFD005157EA /* DriveBinaryDetailViewController.h */,
				48A976AF18547DFD005157EA /* DriveBinaryDetailViewController.m */,
				486BD58317F6C2A400E38172 /* Learner_Log_Book.xcdatamodeld */,
				485271C3184F46F300A1266E /* RecentDriveReviewViewController.h */,
				485271C4184F46F300A1266E /* RecentDriveReviewViewController.m */,
				488A053A1801544B00B3DA2E /* DriveCompletedDetailsViewController.h */,
				488A053B1801544B00B3DA2E /* DriveCompletedDetailsViewController.m */,
				48F99A1718351B9300F69672 /* ReviewViewController.h */,
				48F99A1818351B9300F69672 /* ReviewViewController.m */,
				48BD220517FC286E0093669F /* DriveInSessionViewController.h */,
				48BD220617FC286E0093669F /* DriveInSessionViewController.m */,
				4824424217E48CAD002DC72A /* DriveViewController.h */,
				4824424317E48CAD002DC72A /* DriveViewController.m */,
				488E68E017E47E3D0055A908 /* StartscreenViewController.h */,
				488E68E117E47E3D0055A908 /* StartscreenViewController.m */,
				488E68B117E47DFA0055A908 /* AppDelegate.h */,
				488E68B217E47DFA0055A908 /* AppDelegate.m */,
				488E68A917E47DFA0055A908 /* Supporting Files */,
			);
			path = "Learner Log Book";
			sourceTree = "<group>";
		};
		488E68A917E47DFA0055A908 /* Supporting Files */ = {
			isa = PBXGroup;
			children = (
				4835E093183134DD000236DA /* vicCriteria.plist */,
				488E68AA17E47DFA0055A908 /* Learner Log Book-Info.plist */,
				488E68AB17E47DFA0055A908 /* InfoPlist.strings */,
				488E68AE17E47DFA0055A908 /* main.m */,
				488E68B017E47DFA0055A908 /* Learner Log Book-Prefix.pch */,
				488E68B417E47DFA0055A908 /* Default.png */,
				488E68B617E47DFA0055A908 /* Default@2x.png */,
				488E68B817E47DFA0055A908 /* Default-568h@2x.png */,
			);
			name = "Supporting Files";
			sourceTree = "<group>";
		};
		488E68CF17E47DFA0055A908 /* Learner Log BookTests */ = {
			isa = PBXGroup;
			children = (
				488E68D517E47DFA0055A908 /* Learner_Log_BookTests.h */,
				488E68D617E47DFA0055A908 /* Learner_Log_BookTests.m */,
				488E68D017E47DFA0055A908 /* Supporting Files */,
			);
			path = "Learner Log BookTests";
			sourceTree = "<group>";
		};
		488E68D017E47DFA0055A908 /* Supporting Files */ = {
			isa = PBXGroup;
			children = (
				488E68D117E47DFA0055A908 /* Learner Log BookTests-Info.plist */,
				488E68D217E47DFA0055A908 /* InfoPlist.strings */,
			);
			name = "Supporting Files";
			sourceTree = "<group>";
		};
		48F99A1B183545EF00F69672 /* Protocols */ = {
			isa = PBXGroup;
			children = (
				48F99A1A183545E800F69672 /* DriveRecordDeveloper.h */,
			);
			name = Protocols;
			sourceTree = "<group>";
		};
/* End PBXGroup section */

/* Begin PBXNativeTarget section */
		488E689E17E47DFA0055A908 /* Learner Log Book */ = {
			isa = PBXNativeTarget;
			buildConfigurationList = 488E68DA17E47DFA0055A908 /* Build configuration list for PBXNativeTarget "Learner Log Book" */;
			buildPhases = (
				488E689B17E47DFA0055A908 /* Sources */,
				488E689C17E47DFA0055A908 /* Frameworks */,
				488E689D17E47DFA0055A908 /* Resources */,
			);
			buildRules = (
			);
			dependencies = (
			);
			name = "Learner Log Book";
			productName = "Learner Log Book";
			productReference = 488E689F17E47DFA0055A908 /* Learner Log Book.app */;
			productType = "com.apple.product-type.application";
		};
		488E68C717E47DFA0055A908 /* Learner Log BookTests */ = {
			isa = PBXNativeTarget;
			buildConfigurationList = 488E68DD17E47DFA0055A908 /* Build configuration list for PBXNativeTarget "Learner Log BookTests" */;
			buildPhases = (
				488E68C317E47DFA0055A908 /* Sources */,
				488E68C417E47DFA0055A908 /* Frameworks */,
				488E68C517E47DFA0055A908 /* Resources */,
				488E68C617E47DFA0055A908 /* ShellScript */,
			);
			buildRules = (
			);
			dependencies = (
				488E68CE17E47DFA0055A908 /* PBXTargetDependency */,
			);
			name = "Learner Log BookTests";
			productName = "Learner Log BookTests";
			productReference = 488E68C817E47DFA0055A908 /* Learner Log BookTests.octest */;
			productType = "com.apple.product-type.bundle";
		};
/* End PBXNativeTarget section */

/* Begin PBXProject section */
		488E689717E47DFA0055A908 /* Project object */ = {
			isa = PBXProject;
			attributes = {
				LastUpgradeCheck = 0460;
				ORGANIZATIONNAME = "Daniel Hussey";
				TargetAttributes = {
					488E689E17E47DFA0055A908 = {
						DevelopmentTeam = 62P7RYT23F;
					};
				};
			};
			buildConfigurationList = 488E689A17E47DFA0055A908 /* Build configuration list for PBXProject "Learner Log Book" */;
			compatibilityVersion = "Xcode 3.2";
			developmentRegion = English;
			hasScannedForEncodings = 0;
			knownRegions = (
				en,
			);
			mainGroup = 488E689617E47DFA0055A908;
			productRefGroup = 488E68A017E47DFA0055A908 /* Products */;
			projectDirPath = "";
			projectRoot = "";
			targets = (
				488E689E17E47DFA0055A908 /* Learner Log Book */,
				488E68C717E47DFA0055A908 /* Learner Log BookTests */,
			);
		};
/* End PBXProject section */

/* Begin PBXResourcesBuildPhase section */
		488E689D17E47DFA0055A908 /* Resources */ = {
			isa = PBXResourcesBuildPhase;
			buildActionMask = 2147483647;
			files = (
				48E89885184DD83F00D3AD5F /* DeleteButton.xib in Resources */,
				488E68AD17E47DFA0055A908 /* InfoPlist.strings in Resources */,
				488E68B517E47DFA0055A908 /* Default.png in Resources */,
				4835E094183134DD000236DA /* vicCriteria.plist in Resources */,
				488E68B717E47DFA0055A908 /* Default@2x.png in Resources */,
				484EE5CC1848B41400C5EEFA /* DriveDetailCell.xib in Resources */,
				488E68B917E47DFA0055A908 /* Default-568h@2x.png in Resources */,
				488E68BC17E47DFA0055A908 /* MainStoryboard_iPhone.storyboard in Resources */,
			);
			runOnlyForDeploymentPostprocessing = 0;
		};
		488E68C517E47DFA0055A908 /* Resources */ = {
			isa = PBXResourcesBuildPhase;
			buildActionMask = 2147483647;
			files = (
				488E68D417E47DFA0055A908 /* InfoPlist.strings in Resources */,
			);
			runOnlyForDeploymentPostprocessing = 0;
		};
/* End PBXResourcesBuildPhase section */

/* Begin PBXShellScriptBuildPhase section */
		488E68C617E47DFA0055A908 /* ShellScript */ = {
			isa = PBXShellScriptBuildPhase;
			buildActionMask = 2147483647;
			files = (
			);
			inputPaths = (
			);
			outputPaths = (
			);
			runOnlyForDeploymentPostprocessing = 0;
			shellPath = /bin/sh;
			shellScript = "# Run the unit tests in this test bundle.\n\"${SYSTEM_DEVELOPER_DIR}/Tools/RunUnitTests\"\n";
		};
/* End PBXShellScriptBuildPhase section */

/* Begin PBXSourcesBuildPhase section */
		488E689B17E47DFA0055A908 /* Sources */ = {
			isa = PBXSourcesBuildPhase;
			buildActionMask = 2147483647;
			files = (
				488E68AF17E47DFA0055A908 /* main.m in Sources */,
				488E68B317E47DFA0055A908 /* AppDelegate.m in Sources */,
				488A05461801650A00B3DA2E /* BinarySelectionCell.m in Sources */,
				484EE5CF1848B73F00C5EEFA /* DriveDetailCell.m in Sources */,
				488E68E217E47E3D0055A908 /* StartscreenViewController.m in Sources */,
				4824424417E48CAD002DC72A /* DriveViewController.m in Sources */,
				48F99A1918351B9300F69672 /* ReviewViewController.m in Sources */,
				488A053C1801544B00B3DA2E /* DriveCompletedDetailsViewController.m in Sources */,
				486BD58517F6C2A400E38172 /* Learner_Log_Book.xcdatamodeld in Sources */,
				4835E09B18337892000236DA /* DriveDetailContainer.m in Sources */,
				48A976B018547DFD005157EA /* DriveBinaryDetailViewController.m in Sources */,
				485271C5184F46F300A1266E /* RecentDriveReviewViewController.m in Sources */,
				481B96361833D1A50095E93C /* DriveRecord.m in Sources */,
				486BD5BE17F8521E00E38172 /* ExtendedCell.m in Sources */,
				48BD220717FC286E0093669F /* DriveInSessionViewController.m in Sources */,
			);
			runOnlyForDeploymentPostprocessing = 0;
		};
		488E68C317E47DFA0055A908 /* Sources */ = {
			isa = PBXSourcesBuildPhase;
			buildActionMask = 2147483647;
			files = (
				488E68D717E47DFA0055A908 /* Learner_Log_BookTests.m in Sources */,
			);
			runOnlyForDeploymentPostprocessing = 0;
		};
/* End PBXSourcesBuildPhase section */

/* Begin PBXTargetDependency section */
		488E68CE17E47DFA0055A908 /* PBXTargetDependency */ = {
			isa = PBXTargetDependency;
			target = 488E689E17E47DFA0055A908 /* Learner Log Book */;
			targetProxy = 488E68CD17E47DFA0055A908 /* PBXContainerItemProxy */;
		};
/* End PBXTargetDependency section */

/* Begin PBXVariantGroup section */
		488E68AB17E47DFA0055A908 /* InfoPlist.strings */ = {
			isa = PBXVariantGroup;
			children = (
				488E68AC17E47DFA0055A908 /* en */,
			);
			name = InfoPlist.strings;
			sourceTree = "<group>";
		};
		488E68BA17E47DFA0055A908 /* MainStoryboard_iPhone.storyboard */ = {
			isa = PBXVariantGroup;
			children = (
				488E68BB17E47DFA0055A908 /* en */,
			);
			name = MainStoryboard_iPhone.storyboard;
			sourceTree = "<group>";
		};
		488E68D217E47DFA0055A908 /* InfoPlist.strings */ = {
			isa = PBXVariantGroup;
			children = (
				488E68D317E47DFA0055A908 /* en */,
			);
			name = InfoPlist.strings;
			sourceTree = "<group>";
		};
/* End PBXVariantGroup section */

/* Begin XCBuildConfiguration section */
		488E68D817E47DFA0055A908 /* Debug */ = {
			isa = XCBuildConfiguration;
			buildSettings = {
				ALWAYS_SEARCH_USER_PATHS = NO;
				CLANG_CXX_LANGUAGE_STANDARD = "gnu++0x";
				CLANG_CXX_LIBRARY = "libc++";
				CLANG_ENABLE_OBJC_ARC = YES;
				CLANG_WARN_CONSTANT_CONVERSION = YES;
				CLANG_WARN_EMPTY_BODY = YES;
				CLANG_WARN_ENUM_CONVERSION = YES;
				CLANG_WARN_INT_CONVERSION = YES;
				CLANG_WARN__DUPLICATE_METHOD_MATCH = YES;
				"CODE_SIGN_IDENTITY[sdk=iphoneos*]" = "iPhone Developer";
				COPY_PHASE_STRIP = NO;
				GCC_C_LANGUAGE_STANDARD = gnu99;
				GCC_DYNAMIC_NO_PIC = NO;
				GCC_OPTIMIZATION_LEVEL = 0;
				GCC_PREPROCESSOR_DEFINITIONS = (
					"DEBUG=1",
					"$(inherited)",
				);
				GCC_SYMBOLS_PRIVATE_EXTERN = NO;
				GCC_WARN_ABOUT_RETURN_TYPE = YES;
				GCC_WARN_UNINITIALIZED_AUTOS = YES;
				GCC_WARN_UNUSED_VARIABLE = YES;
				IPHONEOS_DEPLOYMENT_TARGET = 6.1;
				ONLY_ACTIVE_ARCH = YES;
				SDKROOT = iphoneos;
				TARGETED_DEVICE_FAMILY = "1,2";
			};
			name = Debug;
		};
		488E68D917E47DFA0055A908 /* Release */ = {
			isa = XCBuildConfiguration;
			buildSettings = {
				ALWAYS_SEARCH_USER_PATHS = NO;
				CLANG_CXX_LANGUAGE_STANDARD = "gnu++0x";
				CLANG_CXX_LIBRARY = "libc++";
				CLANG_ENABLE_OBJC_ARC = YES;
				CLANG_WARN_CONSTANT_CONVERSION = YES;
				CLANG_WARN_EMPTY_BODY = YES;
				CLANG_WARN_ENUM_CONVERSION = YES;
				CLANG_WARN_INT_CONVERSION = YES;
				CLANG_WARN__DUPLICATE_METHOD_MATCH = YES;
				"CODE_SIGN_IDENTITY[sdk=iphoneos*]" = "iPhone Developer";
				COPY_PHASE_STRIP = YES;
				GCC_C_LANGUAGE_STANDARD = gnu99;
				GCC_WARN_ABOUT_RETURN_TYPE = YES;
				GCC_WARN_UNINITIALIZED_AUTOS = YES;
				GCC_WARN_UNUSED_VARIABLE = YES;
				IPHONEOS_DEPLOYMENT_TARGET = 6.1;
				OTHER_CFLAGS = "-DNS_BLOCK_ASSERTIONS=1";
				SDKROOT = iphoneos;
				TARGETED_DEVICE_FAMILY = "1,2";
				VALIDATE_PRODUCT = YES;
			};
			name = Release;
		};
		488E68DB17E47DFA0055A908 /* Debug */ = {
			isa = XCBuildConfiguration;
			buildSettings = {
				CODE_SIGN_IDENTITY = "iPhone Developer";
				"CODE_SIGN_IDENTITY[sdk=iphoneos*]" = "iPhone Developer";
				GCC_PRECOMPILE_PREFIX_HEADER = YES;
				GCC_PREFIX_HEADER = "Learner Log Book/Learner Log Book-Prefix.pch";
				INFOPLIST_FILE = "Learner Log Book/Learner Log Book-Info.plist";
				IPHONEOS_DEPLOYMENT_TARGET = 7.0;
				PRODUCT_NAME = "$(TARGET_NAME)";
				PROVISIONING_PROFILE = "";
				TARGETED_DEVICE_FAMILY = 1;
				WRAPPER_EXTENSION = app;
			};
			name = Debug;
		};
		488E68DC17E47DFA0055A908 /* Release */ = {
			isa = XCBuildConfiguration;
			buildSettings = {
				CODE_SIGN_IDENTITY = "iPhone Developer";
				"CODE_SIGN_IDENTITY[sdk=iphoneos*]" = "iPhone Developer";
				GCC_PRECOMPILE_PREFIX_HEADER = YES;
				GCC_PREFIX_HEADER = "Learner Log Book/Learner Log Book-Prefix.pch";
				INFOPLIST_FILE = "Learner Log Book/Learner Log Book-Info.plist";
				IPHONEOS_DEPLOYMENT_TARGET = 7.0;
				PRODUCT_NAME = "$(TARGET_NAME)";
				PROVISIONING_PROFILE = "";
				TARGETED_DEVICE_FAMILY = 1;
				WRAPPER_EXTENSION = app;
			};
			name = Release;
		};
		488E68DE17E47DFA0055A908 /* Debug */ = {
			isa = XCBuildConfiguration;
			buildSettings = {
				BUNDLE_LOADER = "$(BUILT_PRODUCTS_DIR)/Learner Log Book.app/Learner Log Book";
				FRAMEWORK_SEARCH_PATHS = (
					"\"$(SDKROOT)/Developer/Library/Frameworks\"",
					"\"$(DEVELOPER_LIBRARY_DIR)/Frameworks\"",
				);
				GCC_PRECOMPILE_PREFIX_HEADER = YES;
				GCC_PREFIX_HEADER = "Learner Log Book/Learner Log Book-Prefix.pch";
				INFOPLIST_FILE = "Learner Log BookTests/Learner Log BookTests-Info.plist";
				PRODUCT_NAME = "$(TARGET_NAME)";
				TEST_HOST = "$(BUNDLE_LOADER)";
				WRAPPER_EXTENSION = octest;
			};
			name = Debug;
		};
		488E68DF17E47DFA0055A908 /* Release */ = {
			isa = XCBuildConfiguration;
			buildSettings = {
				BUNDLE_LOADER = "$(BUILT_PRODUCTS_DIR)/Learner Log Book.app/Learner Log Book";
				FRAMEWORK_SEARCH_PATHS = (
					"\"$(SDKROOT)/Developer/Library/Frameworks\"",
					"\"$(DEVELOPER_LIBRARY_DIR)/Frameworks\"",
				);
				GCC_PRECOMPILE_PREFIX_HEADER = YES;
				GCC_PREFIX_HEADER = "Learner Log Book/Learner Log Book-Prefix.pch";
				INFOPLIST_FILE = "Learner Log BookTests/Learner Log BookTests-Info.plist";
				PRODUCT_NAME = "$(TARGET_NAME)";
				TEST_HOST = "$(BUNDLE_LOADER)";
				WRAPPER_EXTENSION = octest;
			};
			name = Release;
		};
/* End XCBuildConfiguration section */

/* Begin XCConfigurationList section */
		488E689A17E47DFA0055A908 /* Build configuration list for PBXProject "Learner Log Book" */ = {
			isa = XCConfigurationList;
			buildConfigurations = (
				488E68D817E47DFA0055A908 /* Debug */,
				488E68D917E47DFA0055A908 /* Release */,
			);
			defaultConfigurationIsVisible = 0;
			defaultConfigurationName = Release;
		};
		488E68DA17E47DFA0055A908 /* Build configuration list for PBXNativeTarget "Learner Log Book" */ = {
			isa = XCConfigurationList;
			buildConfigurations = (
				488E68DB17E47DFA0055A908 /* Debug */,
				488E68DC17E47DFA0055A908 /* Release */,
			);
			defaultConfigurationIsVisible = 0;
			defaultConfigurationName = Release;
		};
		488E68DD17E47DFA0055A908 /* Build configuration list for PBXNativeTarget "Learner Log BookTests" */ = {
			isa = XCConfigurationList;
			buildConfigurations = (
				488E68DE17E47DFA0055A908 /* Debug */,
				488E68DF17E47DFA0055A908 /* Release */,
			);
			defaultConfigurationIsVisible = 0;
			defaultConfigurationName = Release;
		};
/* End XCConfigurationList section */

/* Begin XCVersionGroup section */
		486BD58317F6C2A400E38172 /* Learner_Log_Book.xcdatamodeld */ = {
			isa = XCVersionGroup;
			children = (
				486BD58417F6C2A400E38172 /* Learner_Log_Book.xcdatamodel */,
			);
			currentVersion = 486BD58417F6C2A400E38172 /* Learner_Log_Book.xcdatamodel */;
			path = Learner_Log_Book.xcdatamodeld;
			sourceTree = "<group>";
			versionGroupType = wrapper.xcdatamodel;
		};
/* End XCVersionGroup section */
	};
	rootObject = 488E689717E47DFA0055A908 /* Project object */;
}
